
Microsoft Visual Studio Solution File, Format Version 10.00
# Visual Studio 2008
Project("{8BC9CEB8-8B4A-11D0-8D11-00A0C91BC942}") = "libcurl", "lib\vc6libcurl.vcproj", "{1341BABF-67BC-4DB0-B204-AFCC8D731C1D}"
EndProject
Project("{8BC9CEB8-8B4A-11D0-8D11-00A0C91BC942}") = "curlsrc", "src\vc6curlsrc.vcproj", "{ACF1EFC7-8B30-44FB-ABA0-F64F1054D036}"
	ProjectSection(ProjectDependencies) = postProject
		{1341BABF-67BC-4DB0-B204-AFCC8D731C1D} = {1341BABF-67BC-4DB0-B204-AFCC8D731C1D}
	EndProjectSection
EndProject
Global
	GlobalSection(SolutionConfigurationPlatforms) = preSolution
		Debug|Mixed Platforms = Debug|Mixed Platforms
		Debug|Pocket PC 2003 (ARMV4) = Debug|Pocket PC 2003 (ARMV4)
		Debug|Win32 = Debug|Win32
		Debug|Windows Mobile 5.0 Pocket PC SDK (ARMV4I) = Debug|Windows Mobile 5.0 Pocket PC SDK (ARMV4I)
		Debug|Windows Mobile 5.0 Smartphone SDK (ARMV4I) = Debug|Windows Mobile 5.0 Smartphone SDK (ARMV4I)
		DLL Debug|Mixed Platforms = DLL Debug|Mixed Platforms
		DLL Debug|Pocket PC 2003 (ARMV4) = DLL Debug|Pocket PC 2003 (ARMV4)
		DLL Debug|Win32 = DLL Debug|Win32
		DLL Debug|Windows Mobile 5.0 Pocket PC SDK (ARMV4I) = DLL Debug|Windows Mobile 5.0 Pocket PC SDK (ARMV4I)
		DLL Debug|Windows Mobile 5.0 Smartphone SDK (ARMV4I) = DLL Debug|Windows Mobile 5.0 Smartphone SDK (ARMV4I)
		DLL Release|Mixed Platforms = DLL Release|Mixed Platforms
		DLL Release|Pocket PC 2003 (ARMV4) = DLL Release|Pocket PC 2003 (ARMV4)
		DLL Release|Win32 = DLL Release|Win32
		DLL Release|Windows Mobile 5.0 Pocket PC SDK (ARMV4I) = DLL Release|Windows Mobile 5.0 Pocket PC SDK (ARMV4I)
		DLL Release|Windows Mobile 5.0 Smartphone SDK (ARMV4I) = DLL Release|Windows Mobile 5.0 Smartphone SDK (ARMV4I)
		LIB Debug|Mixed Platforms = LIB Debug|Mixed Platforms
		LIB Debug|Pocket PC 2003 (ARMV4) = LIB Debug|Pocket PC 2003 (ARMV4)
		LIB Debug|Win32 = LIB Debug|Win32
		LIB Debug|Windows Mobile 5.0 Pocket PC SDK (ARMV4I) = LIB Debug|Windows Mobile 5.0 Pocket PC SDK (ARMV4I)
		LIB Debug|Windows Mobile 5.0 Smartphone SDK (ARMV4I) = LIB Debug|Windows Mobile 5.0 Smartphone SDK (ARMV4I)
		LIB Release|Mixed Platforms = LIB Release|Mixed Platforms
		LIB Release|Pocket PC 2003 (ARMV4) = LIB Release|Pocket PC 2003 (ARMV4)
		LIB Release|Win32 = LIB Release|Win32
		LIB Release|Windows Mobile 5.0 Pocket PC SDK (ARMV4I) = LIB Release|Windows Mobile 5.0 Pocket PC SDK (ARMV4I)
		LIB Release|Windows Mobile 5.0 Smartphone SDK (ARMV4I) = LIB Release|Windows Mobile 5.0 Smartphone SDK (ARMV4I)
		Release|Mixed Platforms = Release|Mixed Platforms
		Release|Pocket PC 2003 (ARMV4) = Release|Pocket PC 2003 (ARMV4)
		Release|Win32 = Release|Win32
		Release|Windows Mobile 5.0 Pocket PC SDK (ARMV4I) = Release|Windows Mobile 5.0 Pocket PC SDK (ARMV4I)
		Release|Windows Mobile 5.0 Smartphone SDK (ARMV4I) = Release|Windows Mobile 5.0 Smartphone SDK (ARMV4I)
		using libcurl DLL Debug|Mixed Platforms = using libcurl DLL Debug|Mixed Platforms
		using libcurl DLL Debug|Pocket PC 2003 (ARMV4) = using libcurl DLL Debug|Pocket PC 2003 (ARMV4)
		using libcurl DLL Debug|Win32 = using libcurl DLL Debug|Win32
		using libcurl DLL Debug|Windows Mobile 5.0 Pocket PC SDK (ARMV4I) = using libcurl DLL Debug|Windows Mobile 5.0 Pocket PC SDK (ARMV4I)
		using libcurl DLL Debug|Windows Mobile 5.0 Smartphone SDK (ARMV4I) = using libcurl DLL Debug|Windows Mobile 5.0 Smartphone SDK (ARMV4I)
		using libcurl DLL Release|Mixed Platforms = using libcurl DLL Release|Mixed Platforms
		using libcurl DLL Release|Pocket PC 2003 (ARMV4) = using libcurl DLL Release|Pocket PC 2003 (ARMV4)
		using libcurl DLL Release|Win32 = using libcurl DLL Release|Win32
		using libcurl DLL Release|Windows Mobile 5.0 Pocket PC SDK (ARMV4I) = using libcurl DLL Release|Windows Mobile 5.0 Pocket PC SDK (ARMV4I)
		using libcurl DLL Release|Windows Mobile 5.0 Smartphone SDK (ARMV4I) = using libcurl DLL Release|Windows Mobile 5.0 Smartphone SDK (ARMV4I)
		using libcurl LIB Debug|Mixed Platforms = using libcurl LIB Debug|Mixed Platforms
		using libcurl LIB Debug|Pocket PC 2003 (ARMV4) = using libcurl LIB Debug|Pocket PC 2003 (ARMV4)
		using libcurl LIB Debug|Win32 = using libcurl LIB Debug|Win32
		using libcurl LIB Debug|Windows Mobile 5.0 Pocket PC SDK (ARMV4I) = using libcurl LIB Debug|Windows Mobile 5.0 Pocket PC SDK (ARMV4I)
		using libcurl LIB Debug|Windows Mobile 5.0 Smartphone SDK (ARMV4I) = using libcurl LIB Debug|Windows Mobile 5.0 Smartphone SDK (ARMV4I)
		using libcurl LIB Release|Mixed Platforms = using libcurl LIB Release|Mixed Platforms
		using libcurl LIB Release|Pocket PC 2003 (ARMV4) = using libcurl LIB Release|Pocket PC 2003 (ARMV4)
		using libcurl LIB Release|Win32 = using libcurl LIB Release|Win32
		using libcurl LIB Release|Windows Mobile 5.0 Pocket PC SDK (ARMV4I) = using libcurl LIB Release|Windows Mobile 5.0 Pocket PC SDK (ARMV4I)
		using libcurl LIB Release|Windows Mobile 5.0 Smartphone SDK (ARMV4I) = using libcurl LIB Release|Windows Mobile 5.0 Smartphone SDK (ARMV4I)
	EndGlobalSection
	GlobalSection(ProjectConfigurationPlatforms) = postSolution
		{1341BABF-67BC-4DB0-B204-AFCC8D731C1D}.Debug|Mixed Platforms.ActiveCfg = DLL Debug|Pocket PC 2003 (ARMV4)
		{1341BABF-67BC-4DB0-B204-AFCC8D731C1D}.Debug|Mixed Platforms.Build.0 = DLL Debug|Pocket PC 2003 (ARMV4)
		{1341BABF-67BC-4DB0-B204-AFCC8D731C1D}.Debug|Mixed Platforms.Deploy.0 = DLL Debug|Pocket PC 2003 (ARMV4)
		{1341BABF-67BC-4DB0-B204-AFCC8D731C1D}.Debug|Pocket PC 2003 (ARMV4).ActiveCfg = DLL Debug|Pocket PC 2003 (ARMV4)
		{1341BABF-67BC-4DB0-B204-AFCC8D731C1D}.Debug|Pocket PC 2003 (ARMV4).Build.0 = DLL Debug|Pocket PC 2003 (ARMV4)
		{1341BABF-67BC-4DB0-B204-AFCC8D731C1D}.Debug|Pocket PC 2003 (ARMV4).Deploy.0 = DLL Debug|Pocket PC 2003 (ARMV4)
		{1341BABF-67BC-4DB0-B204-AFCC8D731C1D}.Debug|Win32.ActiveCfg = DLL Debug|Win32
		{1341BABF-67BC-4DB0-B204-AFCC8D731C1D}.Debug|Win32.Build.0 = DLL Debug|Win32
		{1341BABF-67BC-4DB0-B204-AFCC8D731C1D}.Debug|Windows Mobile 5.0 Pocket PC SDK (ARMV4I).ActiveCfg = DLL Debug|Pocket PC 2003 (ARMV4)
		{1341BABF-67BC-4DB0-B204-AFCC8D731C1D}.Debug|Windows Mobile 5.0 Smartphone SDK (ARMV4I).ActiveCfg = DLL Debug|Pocket PC 2003 (ARMV4)
		{1341BABF-67BC-4DB0-B204-AFCC8D731C1D}.DLL Debug|Mixed Platforms.ActiveCfg = DLL Debug|Pocket PC 2003 (ARMV4)
		{1341BABF-67BC-4DB0-B204-AFCC8D731C1D}.DLL Debug|Mixed Platforms.Build.0 = DLL Debug|Pocket PC 2003 (ARMV4)
		{1341BABF-67BC-4DB0-B204-AFCC8D731C1D}.DLL Debug|Mixed Platforms.Deploy.0 = DLL Debug|Pocket PC 2003 (ARMV4)
		{1341BABF-67BC-4DB0-B204-AFCC8D731C1D}.DLL Debug|Pocket PC 2003 (ARMV4).ActiveCfg = DLL Debug|Pocket PC 2003 (ARMV4)
		{1341BABF-67BC-4DB0-B204-AFCC8D731C1D}.DLL Debug|Pocket PC 2003 (ARMV4).Build.0 = DLL Debug|Pocket PC 2003 (ARMV4)
		{1341BABF-67BC-4DB0-B204-AFCC8D731C1D}.DLL Debug|Pocket PC 2003 (ARMV4).Deploy.0 = DLL Debug|Pocket PC 2003 (ARMV4)
		{1341BABF-67BC-4DB0-B204-AFCC8D731C1D}.DLL Debug|Win32.ActiveCfg = DLL Debug|Win32
		{1341BABF-67BC-4DB0-B204-AFCC8D731C1D}.DLL Debug|Win32.Build.0 = DLL Debug|Win32
		{1341BABF-67BC-4DB0-B204-AFCC8D731C1D}.DLL Debug|Windows Mobile 5.0 Pocket PC SDK (ARMV4I).ActiveCfg = DLL Debug|Win32
		{1341BABF-67BC-4DB0-B204-AFCC8D731C1D}.DLL Debug|Windows Mobile 5.0 Smartphone SDK (ARMV4I).ActiveCfg = DLL Debug|Win32
		{1341BABF-67BC-4DB0-B204-AFCC8D731C1D}.DLL Release|Mixed Platforms.ActiveCfg = DLL Release|Pocket PC 2003 (ARMV4)
		{1341BABF-67BC-4DB0-B204-AFCC8D731C1D}.DLL Release|Mixed Platforms.Build.0 = DLL Release|Pocket PC 2003 (ARMV4)
		{1341BABF-67BC-4DB0-B204-AFCC8D731C1D}.DLL Release|Mixed Platforms.Deploy.0 = DLL Release|Pocket PC 2003 (ARMV4)
		{1341BABF-67BC-4DB0-B204-AFCC8D731C1D}.DLL Release|Pocket PC 2003 (ARMV4).ActiveCfg = DLL Release|Pocket PC 2003 (ARMV4)
		{1341BABF-67BC-4DB0-B204-AFCC8D731C1D}.DLL Release|Pocket PC 2003 (ARMV4).Build.0 = DLL Release|Pocket PC 2003 (ARMV4)
		{1341BABF-67BC-4DB0-B204-AFCC8D731C1D}.DLL Release|Pocket PC 2003 (ARMV4).Deploy.0 = DLL Release|Pocket PC 2003 (ARMV4)
		{1341BABF-67BC-4DB0-B204-AFCC8D731C1D}.DLL Release|Win32.ActiveCfg = DLL Release|Win32
		{1341BABF-67BC-4DB0-B204-AFCC8D731C1D}.DLL Release|Win32.Build.0 = DLL Release|Win32
		{1341BABF-67BC-4DB0-B204-AFCC8D731C1D}.DLL Release|Windows Mobile 5.0 Pocket PC SDK (ARMV4I).ActiveCfg = DLL Release|Win32
		{1341BABF-67BC-4DB0-B204-AFCC8D731C1D}.DLL Release|Windows Mobile 5.0 Smartphone SDK (ARMV4I).ActiveCfg = DLL Release|Win32
		{1341BABF-67BC-4DB0-B204-AFCC8D731C1D}.LIB Debug|Mixed Platforms.ActiveCfg = LIB Debug|Pocket PC 2003 (ARMV4)
		{1341BABF-67BC-4DB0-B204-AFCC8D731C1D}.LIB Debug|Mixed Platforms.Build.0 = LIB Debug|Pocket PC 2003 (ARMV4)
		{1341BABF-67BC-4DB0-B204-AFCC8D731C1D}.LIB Debug|Mixed Platforms.Deploy.0 = LIB Debug|Pocket PC 2003 (ARMV4)
		{1341BABF-67BC-4DB0-B204-AFCC8D731C1D}.LIB Debug|Pocket PC 2003 (ARMV4).ActiveCfg = LIB Debug|Pocket PC 2003 (ARMV4)
		{1341BABF-67BC-4DB0-B204-AFCC8D731C1D}.LIB Debug|Pocket PC 2003 (ARMV4).Build.0 = LIB Debug|Pocket PC 2003 (ARMV4)
		{1341BABF-67BC-4DB0-B204-AFCC8D731C1D}.LIB Debug|Pocket PC 2003 (ARMV4).Deploy.0 = LIB Debug|Pocket PC 2003 (ARMV4)
		{1341BABF-67BC-4DB0-B204-AFCC8D731C1D}.LIB Debug|Win32.ActiveCfg = LIB Debug|Win32
		{1341BABF-67BC-4DB0-B204-AFCC8D731C1D}.LIB Debug|Win32.Build.0 = LIB Debug|Win32
		{1341BABF-67BC-4DB0-B204-AFCC8D731C1D}.LIB Debug|Windows Mobile 5.0 Pocket PC SDK (ARMV4I).ActiveCfg = LIB Debug|Win32
		{1341BABF-67BC-4DB0-B204-AFCC8D731C1D}.LIB Debug|Windows Mobile 5.0 Smartphone SDK (ARMV4I).ActiveCfg = LIB Debug|Win32
		{1341BABF-67BC-4DB0-B204-AFCC8D731C1D}.LIB Release|Mixed Platforms.ActiveCfg = LIB Release|Pocket PC 2003 (ARMV4)
		{1341BABF-67BC-4DB0-B204-AFCC8D731C1D}.LIB Release|Mixed Platforms.Build.0 = LIB Release|Pocket PC 2003 (ARMV4)
		{1341BABF-67BC-4DB0-B204-AFCC8D731C1D}.LIB Release|Mixed Platforms.Deploy.0 = LIB Release|Pocket PC 2003 (ARMV4)
		{1341BABF-67BC-4DB0-B204-AFCC8D731C1D}.LIB Release|Pocket PC 2003 (ARMV4).ActiveCfg = LIB Release|Pocket PC 2003 (ARMV4)
		{1341BABF-67BC-4DB0-B204-AFCC8D731C1D}.LIB Release|Pocket PC 2003 (ARMV4).Build.0 = LIB Release|Pocket PC 2003 (ARMV4)
		{1341BABF-67BC-4DB0-B204-AFCC8D731C1D}.LIB Release|Pocket PC 2003 (ARMV4).Deploy.0 = LIB Release|Pocket PC 2003 (ARMV4)
		{1341BABF-67BC-4DB0-B204-AFCC8D731C1D}.LIB Release|Win32.ActiveCfg = LIB Release|Win32
		{1341BABF-67BC-4DB0-B204-AFCC8D731C1D}.LIB Release|Win32.Build.0 = LIB Release|Win32
		{1341BABF-67BC-4DB0-B204-AFCC8D731C1D}.LIB Release|Windows Mobile 5.0 Pocket PC SDK (ARMV4I).ActiveCfg = LIB Release|Win32
		{1341BABF-67BC-4DB0-B204-AFCC8D731C1D}.LIB Release|Windows Mobile 5.0 Smartphone SDK (ARMV4I).ActiveCfg = LIB Release|Win32
		{1341BABF-67BC-4DB0-B204-AFCC8D731C1D}.Release|Mixed Platforms.ActiveCfg = LIB Release|Pocket PC 2003 (ARMV4)
		{1341BABF-67BC-4DB0-B204-AFCC8D731C1D}.Release|Mixed Platforms.Build.0 = LIB Release|Pocket PC 2003 (ARMV4)
		{1341BABF-67BC-4DB0-B204-AFCC8D731C1D}.Release|Mixed Platforms.Deploy.0 = LIB Release|Pocket PC 2003 (ARMV4)
		{1341BABF-67BC-4DB0-B204-AFCC8D731C1D}.Release|Pocket PC 2003 (ARMV4).ActiveCfg = LIB Release|Pocket PC 2003 (ARMV4)
		{1341BABF-67BC-4DB0-B204-AFCC8D731C1D}.Release|Pocket PC 2003 (ARMV4).Build.0 = LIB Release|Pocket PC 2003 (ARMV4)
		{1341BABF-67BC-4DB0-B204-AFCC8D731C1D}.Release|Pocket PC 2003 (ARMV4).Deploy.0 = LIB Release|Pocket PC 2003 (ARMV4)
		{1341BABF-67BC-4DB0-B204-AFCC8D731C1D}.Release|Win32.ActiveCfg = LIB Release|Win32
		{1341BABF-67BC-4DB0-B204-AFCC8D731C1D}.Release|Win32.Build.0 = LIB Release|Win32
		{1341BABF-67BC-4DB0-B204-AFCC8D731C1D}.Release|Windows Mobile 5.0 Pocket PC SDK (ARMV4I).ActiveCfg = LIB Release|Pocket PC 2003 (ARMV4)
		{1341BABF-67BC-4DB0-B204-AFCC8D731C1D}.Release|Windows Mobile 5.0 Smartphone SDK (ARMV4I).ActiveCfg = LIB Release|Pocket PC 2003 (ARMV4)
		{1341BABF-67BC-4DB0-B204-AFCC8D731C1D}.using libcurl DLL Debug|Mixed Platforms.ActiveCfg = DLL Debug|Pocket PC 2003 (ARMV4)
		{1341BABF-67BC-4DB0-B204-AFCC8D731C1D}.using libcurl DLL Debug|Mixed Platforms.Build.0 = DLL Debug|Pocket PC 2003 (ARMV4)
		{1341BABF-67BC-4DB0-B204-AFCC8D731C1D}.using libcurl DLL Debug|Mixed Platforms.Deploy.0 = DLL Debug|Pocket PC 2003 (ARMV4)
		{1341BABF-67BC-4DB0-B204-AFCC8D731C1D}.using libcurl DLL Debug|Pocket PC 2003 (ARMV4).ActiveCfg = DLL Debug|Pocket PC 2003 (ARMV4)
		{1341BABF-67BC-4DB0-B204-AFCC8D731C1D}.using libcurl DLL Debug|Pocket PC 2003 (ARMV4).Build.0 = DLL Debug|Pocket PC 2003 (ARMV4)
		{1341BABF-67BC-4DB0-B204-AFCC8D731C1D}.using libcurl DLL Debug|Pocket PC 2003 (ARMV4).Deploy.0 = DLL Debug|Pocket PC 2003 (ARMV4)
		{1341BABF-67BC-4DB0-B204-AFCC8D731C1D}.using libcurl DLL Debug|Win32.ActiveCfg = DLL Debug|Win32
		{1341BABF-67BC-4DB0-B204-AFCC8D731C1D}.using libcurl DLL Debug|Win32.Build.0 = DLL Debug|Win32
		{1341BABF-67BC-4DB0-B204-AFCC8D731C1D}.using libcurl DLL Debug|Windows Mobile 5.0 Pocket PC SDK (ARMV4I).ActiveCfg = DLL Debug|Pocket PC 2003 (ARMV4)
		{1341BABF-67BC-4DB0-B204-AFCC8D731C1D}.using libcurl DLL Debug|Windows Mobile 5.0 Smartphone SDK (ARMV4I).ActiveCfg = DLL Debug|Pocket PC 2003 (ARMV4)
		{1341BABF-67BC-4DB0-B204-AFCC8D731C1D}.using libcurl DLL Release|Mixed Platforms.ActiveCfg = DLL Release|Pocket PC 2003 (ARMV4)
		{1341BABF-67BC-4DB0-B204-AFCC8D731C1D}.using libcurl DLL Release|Mixed Platforms.Build.0 = DLL Release|Pocket PC 2003 (ARMV4)
		{1341BABF-67BC-4DB0-B204-AFCC8D731C1D}.using libcurl DLL Release|Mixed Platforms.Deploy.0 = DLL Release|Pocket PC 2003 (ARMV4)
		{1341BABF-67BC-4DB0-B204-AFCC8D731C1D}.using libcurl DLL Release|Pocket PC 2003 (ARMV4).ActiveCfg = DLL Release|Pocket PC 2003 (ARMV4)
		{1341BABF-67BC-4DB0-B204-AFCC8D731C1D}.using libcurl DLL Release|Pocket PC 2003 (ARMV4).Build.0 = DLL Release|Pocket PC 2003 (ARMV4)
		{1341BABF-67BC-4DB0-B204-AFCC8D731C1D}.using libcurl DLL Release|Pocket PC 2003 (ARMV4).Deploy.0 = DLL Release|Pocket PC 2003 (ARMV4)
		{1341BABF-67BC-4DB0-B204-AFCC8D731C1D}.using libcurl DLL Release|Win32.ActiveCfg = DLL Release|Win32
		{1341BABF-67BC-4DB0-B204-AFCC8D731C1D}.using libcurl DLL Release|Win32.Build.0 = DLL Release|Win32
		{1341BABF-67BC-4DB0-B204-AFCC8D731C1D}.using libcurl DLL Release|Windows Mobile 5.0 Pocket PC SDK (ARMV4I).ActiveCfg = DLL Release|Pocket PC 2003 (ARMV4)
		{1341BABF-67BC-4DB0-B204-AFCC8D731C1D}.using libcurl DLL Release|Windows Mobile 5.0 Smartphone SDK (ARMV4I).ActiveCfg = DLL Release|Pocket PC 2003 (ARMV4)
		{1341BABF-67BC-4DB0-B204-AFCC8D731C1D}.using libcurl LIB Debug|Mixed Platforms.ActiveCfg = LIB Debug|Pocket PC 2003 (ARMV4)
		{1341BABF-67BC-4DB0-B204-AFCC8D731C1D}.using libcurl LIB Debug|Mixed Platforms.Build.0 = LIB Debug|Pocket PC 2003 (ARMV4)
		{1341BABF-67BC-4DB0-B204-AFCC8D731C1D}.using libcurl LIB Debug|Mixed Platforms.Deploy.0 = LIB Debug|Pocket PC 2003 (ARMV4)
		{1341BABF-67BC-4DB0-B204-AFCC8D731C1D}.using libcurl LIB Debug|Pocket PC 2003 (ARMV4).ActiveCfg = LIB Debug|Pocket PC 2003 (ARMV4)
		{1341BABF-67BC-4DB0-B204-AFCC8D731C1D}.using libcurl LIB Debug|Pocket PC 2003 (ARMV4).Build.0 = LIB Debug|Pocket PC 2003 (ARMV4)
		{1341BABF-67BC-4DB0-B204-AFCC8D731C1D}.using libcurl LIB Debug|Pocket PC 2003 (ARMV4).Deploy.0 = LIB Debug|Pocket PC 2003 (ARMV4)
		{1341BABF-67BC-4DB0-B204-AFCC8D731C1D}.using libcurl LIB Debug|Win32.ActiveCfg = LIB Debug|Win32
		{1341BABF-67BC-4DB0-B204-AFCC8D731C1D}.using libcurl LIB Debug|Win32.Build.0 = LIB Debug|Win32
		{1341BABF-67BC-4DB0-B204-AFCC8D731C1D}.using libcurl LIB Debug|Windows Mobile 5.0 Pocket PC SDK (ARMV4I).ActiveCfg = LIB Debug|Pocket PC 2003 (ARMV4)
		{1341BABF-67BC-4DB0-B204-AFCC8D731C1D}.using libcurl LIB Debug|Windows Mobile 5.0 Smartphone SDK (ARMV4I).ActiveCfg = LIB Debug|Pocket PC 2003 (ARMV4)
		{1341BABF-67BC-4DB0-B204-AFCC8D731C1D}.using libcurl LIB Release|Mixed Platforms.ActiveCfg = LIB Release|Pocket PC 2003 (ARMV4)
		{1341BABF-67BC-4DB0-B204-AFCC8D731C1D}.using libcurl LIB Release|Mixed Platforms.Build.0 = LIB Release|Pocket PC 2003 (ARMV4)
		{1341BABF-67BC-4DB0-B204-AFCC8D731C1D}.using libcurl LIB Release|Mixed Platforms.Deploy.0 = LIB Release|Pocket PC 2003 (ARMV4)
		{1341BABF-67BC-4DB0-B204-AFCC8D731C1D}.using libcurl LIB Release|Pocket PC 2003 (ARMV4).ActiveCfg = LIB Release|Pocket PC 2003 (ARMV4)
		{1341BABF-67BC-4DB0-B204-AFCC8D731C1D}.using libcurl LIB Release|Pocket PC 2003 (ARMV4).Build.0 = LIB Release|Pocket PC 2003 (ARMV4)
		{1341BABF-67BC-4DB0-B204-AFCC8D731C1D}.using libcurl LIB Release|Pocket PC 2003 (ARMV4).Deploy.0 = LIB Release|Pocket PC 2003 (ARMV4)
		{1341BABF-67BC-4DB0-B204-AFCC8D731C1D}.using libcurl LIB Release|Win32.ActiveCfg = LIB Release|Win32
		{1341BABF-67BC-4DB0-B204-AFCC8D731C1D}.using libcurl LIB Release|Win32.Build.0 = LIB Release|Win32
		{1341BABF-67BC-4DB0-B204-AFCC8D731C1D}.using libcurl LIB Release|Windows Mobile 5.0 Pocket PC SDK (ARMV4I).ActiveCfg = LIB Release|Pocket PC 2003 (ARMV4)
		{1341BABF-67BC-4DB0-B204-AFCC8D731C1D}.using libcurl LIB Release|Windows Mobile 5.0 Smartphone SDK (ARMV4I).ActiveCfg = LIB Release|Pocket PC 2003 (ARMV4)
		{ACF1EFC7-8B30-44FB-ABA0-F64F1054D036}.Debug|Mixed Platforms.ActiveCfg = using libcurl DLL Debug|Pocket PC 2003 (ARMV4)
		{ACF1EFC7-8B30-44FB-ABA0-F64F1054D036}.Debug|Mixed Platforms.Build.0 = using libcurl DLL Debug|Pocket PC 2003 (ARMV4)
		{ACF1EFC7-8B30-44FB-ABA0-F64F1054D036}.Debug|Mixed Platforms.Deploy.0 = using libcurl DLL Debug|Pocket PC 2003 (ARMV4)
		{ACF1EFC7-8B30-44FB-ABA0-F64F1054D036}.Debug|Pocket PC 2003 (ARMV4).ActiveCfg = using libcurl DLL Debug|Pocket PC 2003 (ARMV4)
		{ACF1EFC7-8B30-44FB-ABA0-F64F1054D036}.Debug|Pocket PC 2003 (ARMV4).Build.0 = using libcurl DLL Debug|Pocket PC 2003 (ARMV4)
		{ACF1EFC7-8B30-44FB-ABA0-F64F1054D036}.Debug|Pocket PC 2003 (ARMV4).Deploy.0 = using libcurl DLL Debug|Pocket PC 2003 (ARMV4)
		{ACF1EFC7-8B30-44FB-ABA0-F64F1054D036}.Debug|Win32.ActiveCfg = using libcurl DLL Debug|Win32
		{ACF1EFC7-8B30-44FB-ABA0-F64F1054D036}.Debug|Win32.Build.0 = using libcurl DLL Debug|Win32
		{ACF1EFC7-8B30-44FB-ABA0-F64F1054D036}.Debug|Windows Mobile 5.0 Pocket PC SDK (ARMV4I).ActiveCfg = using libcurl DLL Debug|Pocket PC 2003 (ARMV4)
		{ACF1EFC7-8B30-44FB-ABA0-F64F1054D036}.Debug|Windows Mobile 5.0 Smartphone SDK (ARMV4I).ActiveCfg = using libcurl DLL Debug|Pocket PC 2003 (ARMV4)
		{ACF1EFC7-8B30-44FB-ABA0-F64F1054D036}.DLL Debug|Mixed Platforms.ActiveCfg = using libcurl DLL Debug|Pocket PC 2003 (ARMV4)
		{ACF1EFC7-8B30-44FB-ABA0-F64F1054D036}.DLL Debug|Mixed Platforms.Build.0 = using libcurl DLL Debug|Pocket PC 2003 (ARMV4)
		{ACF1EFC7-8B30-44FB-ABA0-F64F1054D036}.DLL Debug|Mixed Platforms.Deploy.0 = using libcurl DLL Debug|Pocket PC 2003 (ARMV4)
		{ACF1EFC7-8B30-44FB-ABA0-F64F1054D036}.DLL Debug|Pocket PC 2003 (ARMV4).ActiveCfg = using libcurl DLL Debug|Pocket PC 2003 (ARMV4)
		{ACF1EFC7-8B30-44FB-ABA0-F64F1054D036}.DLL Debug|Pocket PC 2003 (ARMV4).Build.0 = using libcurl DLL Debug|Pocket PC 2003 (ARMV4)
		{ACF1EFC7-8B30-44FB-ABA0-F64F1054D036}.DLL Debug|Pocket PC 2003 (ARMV4).Deploy.0 = using libcurl DLL Debug|Pocket PC 2003 (ARMV4)
		{ACF1EFC7-8B30-44FB-ABA0-F64F1054D036}.DLL Debug|Win32.ActiveCfg = using libcurl DLL Debug|Win32
		{ACF1EFC7-8B30-44FB-ABA0-F64F1054D036}.DLL Debug|Win32.Build.0 = using libcurl DLL Debug|Win32
		{ACF1EFC7-8B30-44FB-ABA0-F64F1054D036}.DLL Debug|Windows Mobile 5.0 Pocket PC SDK (ARMV4I).ActiveCfg = using libcurl DLL Debug|Pocket PC 2003 (ARMV4)
		{ACF1EFC7-8B30-44FB-ABA0-F64F1054D036}.DLL Debug|Windows Mobile 5.0 Smartphone SDK (ARMV4I).ActiveCfg = using libcurl DLL Debug|Pocket PC 2003 (ARMV4)
		{ACF1EFC7-8B30-44FB-ABA0-F64F1054D036}.DLL Release|Mixed Platforms.ActiveCfg = using libcurl DLL Debug|Pocket PC 2003 (ARMV4)
		{ACF1EFC7-8B30-44FB-ABA0-F64F1054D036}.DLL Release|Mixed Platforms.Build.0 = using libcurl DLL Debug|Pocket PC 2003 (ARMV4)
		{ACF1EFC7-8B30-44FB-ABA0-F64F1054D036}.DLL Release|Mixed Platforms.Deploy.0 = using libcurl DLL Debug|Pocket PC 2003 (ARMV4)
		{ACF1EFC7-8B30-44FB-ABA0-F64F1054D036}.DLL Release|Pocket PC 2003 (ARMV4).ActiveCfg = using libcurl DLL Release|Pocket PC 2003 (ARMV4)
		{ACF1EFC7-8B30-44FB-ABA0-F64F1054D036}.DLL Release|Pocket PC 2003 (ARMV4).Build.0 = using libcurl DLL Release|Pocket PC 2003 (ARMV4)
		{ACF1EFC7-8B30-44FB-ABA0-F64F1054D036}.DLL Release|Pocket PC 2003 (ARMV4).Deploy.0 = using libcurl DLL Release|Pocket PC 2003 (ARMV4)
		{ACF1EFC7-8B30-44FB-ABA0-F64F1054D036}.DLL Release|Win32.ActiveCfg = using libcurl DLL Release|Win32
		{ACF1EFC7-8B30-44FB-ABA0-F64F1054D036}.DLL Release|Win32.Build.0 = using libcurl DLL Release|Win32
		{ACF1EFC7-8B30-44FB-ABA0-F64F1054D036}.DLL Release|Windows Mobile 5.0 Pocket PC SDK (ARMV4I).ActiveCfg = using libcurl DLL Debug|Pocket PC 2003 (ARMV4)
		{ACF1EFC7-8B30-44FB-ABA0-F64F1054D036}.DLL Release|Windows Mobile 5.0 Smartphone SDK (ARMV4I).ActiveCfg = using libcurl DLL Debug|Pocket PC 2003 (ARMV4)
		{ACF1EFC7-8B30-44FB-ABA0-F64F1054D036}.LIB Debug|Mixed Platforms.ActiveCfg = using libcurl DLL Debug|Pocket PC 2003 (ARMV4)
		{ACF1EFC7-8B30-44FB-ABA0-F64F1054D036}.LIB Debug|Mixed Platforms.Build.0 = using libcurl DLL Debug|Pocket PC 2003 (ARMV4)
		{ACF1EFC7-8B30-44FB-ABA0-F64F1054D036}.LIB Debug|Mixed Platforms.Deploy.0 = using libcurl DLL Debug|Pocket PC 2003 (ARMV4)
		{ACF1EFC7-8B30-44FB-ABA0-F64F1054D036}.LIB Debug|Pocket PC 2003 (ARMV4).ActiveCfg = using libcurl LIB Debug|Pocket PC 2003 (ARMV4)
		{ACF1EFC7-8B30-44FB-ABA0-F64F1054D036}.LIB Debug|Pocket PC 2003 (ARMV4).Build.0 = using libcurl LIB Debug|Pocket PC 2003 (ARMV4)
		{ACF1EFC7-8B30-44FB-ABA0-F64F1054D036}.LIB Debug|Pocket PC 2003 (ARMV4).Deploy.0 = using libcurl LIB Debug|Pocket PC 2003 (ARMV4)
		{ACF1EFC7-8B30-44FB-ABA0-F64F1054D036}.LIB Debug|Win32.ActiveCfg = using libcurl LIB Debug|Win32
		{ACF1EFC7-8B30-44FB-ABA0-F64F1054D036}.LIB Debug|Win32.Build.0 = using libcurl LIB Debug|Win32
		{ACF1EFC7-8B30-44FB-ABA0-F64F1054D036}.LIB Debug|Windows Mobile 5.0 Pocket PC SDK (ARMV4I).ActiveCfg = using libcurl DLL Debug|Pocket PC 2003 (ARMV4)
		{ACF1EFC7-8B30-44FB-ABA0-F64F1054D036}.LIB Debug|Windows Mobile 5.0 Smartphone SDK (ARMV4I).ActiveCfg = using libcurl DLL Debug|Pocket PC 2003 (ARMV4)
		{ACF1EFC7-8B30-44FB-ABA0-F64F1054D036}.LIB Release|Mixed Platforms.ActiveCfg = using libcurl DLL Debug|Pocket PC 2003 (ARMV4)
		{ACF1EFC7-8B30-44FB-ABA0-F64F1054D036}.LIB Release|Mixed Platforms.Build.0 = using libcurl DLL Debug|Pocket PC 2003 (ARMV4)
		{ACF1EFC7-8B30-44FB-ABA0-F64F1054D036}.LIB Release|Mixed Platforms.Deploy.0 = using libcurl DLL Debug|Pocket PC 2003 (ARMV4)
		{ACF1EFC7-8B30-44FB-ABA0-F64F1054D036}.LIB Release|Pocket PC 2003 (ARMV4).ActiveCfg = using libcurl LIB Release|Pocket PC 2003 (ARMV4)
		{ACF1EFC7-8B30-44FB-ABA0-F64F1054D036}.LIB Release|Pocket PC 2003 (ARMV4).Build.0 = using libcurl LIB Release|Pocket PC 2003 (ARMV4)
		{ACF1EFC7-8B30-44FB-ABA0-F64F1054D036}.LIB Release|Pocket PC 2003 (ARMV4).Deploy.0 = using libcurl LIB Release|Pocket PC 2003 (ARMV4)
		{ACF1EFC7-8B30-44FB-ABA0-F64F1054D036}.LIB Release|Win32.ActiveCfg = using libcurl LIB Release|Win32
		{ACF1EFC7-8B30-44FB-ABA0-F64F1054D036}.LIB Release|Win32.Build.0 = using libcurl LIB Release|Win32
		{ACF1EFC7-8B30-44FB-ABA0-F64F1054D036}.LIB Release|Windows Mobile 5.0 Pocket PC SDK (ARMV4I).ActiveCfg = using libcurl DLL Debug|Pocket PC 2003 (ARMV4)
		{ACF1EFC7-8B30-44FB-ABA0-F64F1054D036}.LIB Release|Windows Mobile 5.0 Smartphone SDK (ARMV4I).ActiveCfg = using libcurl DLL Debug|Pocket PC 2003 (ARMV4)
		{ACF1EFC7-8B30-44FB-ABA0-F64F1054D036}.Release|Mixed Platforms.ActiveCfg = using libcurl DLL Debug|Pocket PC 2003 (ARMV4)
		{ACF1EFC7-8B30-44FB-ABA0-F64F1054D036}.Release|Mixed Platforms.Build.0 = using libcurl DLL Debug|Pocket PC 2003 (ARMV4)
		{ACF1EFC7-8B30-44FB-ABA0-F64F1054D036}.Release|Mixed Platforms.Deploy.0 = using libcurl DLL Debug|Pocket PC 2003 (ARMV4)
		{ACF1EFC7-8B30-44FB-ABA0-F64F1054D036}.Release|Pocket PC 2003 (ARMV4).ActiveCfg = using libcurl LIB Release|Pocket PC 2003 (ARMV4)
		{ACF1EFC7-8B30-44FB-ABA0-F64F1054D036}.Release|Pocket PC 2003 (ARMV4).Build.0 = using libcurl LIB Release|Pocket PC 2003 (ARMV4)
		{ACF1EFC7-8B30-44FB-ABA0-F64F1054D036}.Release|Pocket PC 2003 (ARMV4).Deploy.0 = using libcurl LIB Release|Pocket PC 2003 (ARMV4)
		{ACF1EFC7-8B30-44FB-ABA0-F64F1054D036}.Release|Win32.ActiveCfg = using libcurl LIB Release|Win32
		{ACF1EFC7-8B30-44FB-ABA0-F64F1054D036}.Release|Win32.Build.0 = using libcurl LIB Release|Win32
		{ACF1EFC7-8B30-44FB-ABA0-F64F1054D036}.Release|Windows Mobile 5.0 Pocket PC SDK (ARMV4I).ActiveCfg = using libcurl DLL Debug|Pocket PC 2003 (ARMV4)
		{ACF1EFC7-8B30-44FB-ABA0-F64F1054D036}.Release|Windows Mobile 5.0 Smartphone SDK (ARMV4I).ActiveCfg = using libcurl DLL Debug|Pocket PC 2003 (ARMV4)
		{ACF1EFC7-8B30-44FB-ABA0-F64F1054D036}.using libcurl DLL Debug|Mixed Platforms.ActiveCfg = using libcurl DLL Debug|Pocket PC 2003 (ARMV4)
		{ACF1EFC7-8B30-44FB-ABA0-F64F1054D036}.using libcurl DLL Debug|Mixed Platforms.Build.0 = using libcurl DLL Debug|Pocket PC 2003 (ARMV4)
		{ACF1EFC7-8B30-44FB-ABA0-F64F1054D036}.using libcurl DLL Debug|Mixed Platforms.Deploy.0 = using libcurl DLL Debug|Pocket PC 2003 (ARMV4)
		{ACF1EFC7-8B30-44FB-ABA0-F64F1054D036}.using libcurl DLL Debug|Pocket PC 2003 (ARMV4).ActiveCfg = using libcurl DLL Debug|Pocket PC 2003 (ARMV4)
		{ACF1EFC7-8B30-44FB-ABA0-F64F1054D036}.using libcurl DLL Debug|Pocket PC 2003 (ARMV4).Build.0 = using libcurl DLL Debug|Pocket PC 2003 (ARMV4)
		{ACF1EFC7-8B30-44FB-ABA0-F64F1054D036}.using libcurl DLL Debug|Pocket PC 2003 (ARMV4).Deploy.0 = using libcurl DLL Debug|Pocket PC 2003 (ARMV4)
		{ACF1EFC7-8B30-44FB-ABA0-F64F1054D036}.using libcurl DLL Debug|Win32.ActiveCfg = using libcurl DLL Debug|Win32
		{ACF1EFC7-8B30-44FB-ABA0-F64F1054D036}.using libcurl DLL Debug|Win32.Build.0 = using libcurl DLL Debug|Win32
		{ACF1EFC7-8B30-44FB-ABA0-F64F1054D036}.using libcurl DLL Debug|Windows Mobile 5.0 Pocket PC SDK (ARMV4I).ActiveCfg = using libcurl DLL Debug|Win32
		{ACF1EFC7-8B30-44FB-ABA0-F64F1054D036}.using libcurl DLL Debug|Windows Mobile 5.0 Smartphone SDK (ARMV4I).ActiveCfg = using libcurl DLL Debug|Win32
		{ACF1EFC7-8B30-44FB-ABA0-F64F1054D036}.using libcurl DLL Release|Mixed Platforms.ActiveCfg = using libcurl DLL Release|Pocket PC 2003 (ARMV4)
		{ACF1EFC7-8B30-44FB-ABA0-F64F1054D036}.using libcurl DLL Release|Mixed Platforms.Build.0 = using libcurl DLL Release|Pocket PC 2003 (ARMV4)
		{ACF1EFC7-8B30-44FB-ABA0-F64F1054D036}.using libcurl DLL Release|Mixed Platforms.Deploy.0 = using libcurl DLL Release|Pocket PC 2003 (ARMV4)
		{ACF1EFC7-8B30-44FB-ABA0-F64F1054D036}.using libcurl DLL Release|Pocket PC 2003 (ARMV4).ActiveCfg = using libcurl DLL Release|Pocket PC 2003 (ARMV4)
		{ACF1EFC7-8B30-44FB-ABA0-F64F1054D036}.using libcurl DLL Release|Pocket PC 2003 (ARMV4).Build.0 = using libcurl DLL Release|Pocket PC 2003 (ARMV4)
		{ACF1EFC7-8B30-44FB-ABA0-F64F1054D036}.using libcurl DLL Release|Pocket PC 2003 (ARMV4).Deploy.0 = using libcurl DLL Release|Pocket PC 2003 (ARMV4)
		{ACF1EFC7-8B30-44FB-ABA0-F64F1054D036}.using libcurl DLL Release|Win32.ActiveCfg = using libcurl DLL Release|Win32
		{ACF1EFC7-8B30-44FB-ABA0-F64F1054D036}.using libcurl DLL Release|Win32.Build.0 = using libcurl DLL Release|Win32
		{ACF1EFC7-8B30-44FB-ABA0-F64F1054D036}.using libcurl DLL Release|Windows Mobile 5.0 Pocket PC SDK (ARMV4I).ActiveCfg = using libcurl DLL Release|Win32
		{ACF1EFC7-8B30-44FB-ABA0-F64F1054D036}.using libcurl DLL Release|Windows Mobile 5.0 Smartphone SDK (ARMV4I).ActiveCfg = using libcurl DLL Release|Win32
		{ACF1EFC7-8B30-44FB-ABA0-F64F1054D036}.using libcurl LIB Debug|Mixed Platforms.ActiveCfg = using libcurl LIB Debug|Pocket PC 2003 (ARMV4)
		{ACF1EFC7-8B30-44FB-ABA0-F64F1054D036}.using libcurl LIB Debug|Mixed Platforms.Build.0 = using libcurl LIB Debug|Pocket PC 2003 (ARMV4)
		{ACF1EFC7-8B30-44FB-ABA0-F64F1054D036}.using libcurl LIB Debug|Mixed Platforms.Deploy.0 = using libcurl LIB Debug|Pocket PC 2003 (ARMV4)
		{ACF1EFC7-8B30-44FB-ABA0-F64F1054D036}.using libcurl LIB Debug|Pocket PC 2003 (ARMV4).ActiveCfg = using libcurl LIB Debug|Pocket PC 2003 (ARMV4)
		{ACF1EFC7-8B30-44FB-ABA0-F64F1054D036}.using libcurl LIB Debug|Pocket PC 2003 (ARMV4).Build.0 = using libcurl LIB Debug|Pocket PC 2003 (ARMV4)
		{ACF1EFC7-8B30-44FB-ABA0-F64F1054D036}.using libcurl LIB Debug|Pocket PC 2003 (ARMV4).Deploy.0 = using libcurl LIB Debug|Pocket PC 2003 (ARMV4)
		{ACF1EFC7-8B30-44FB-ABA0-F64F1054D036}.using libcurl LIB Debug|Win32.ActiveCfg = using libcurl LIB Debug|Win32
		{ACF1EFC7-8B30-44FB-ABA0-F64F1054D036}.using libcurl LIB Debug|Win32.Build.0 = using libcurl LIB Debug|Win32
		{ACF1EFC7-8B30-44FB-ABA0-F64F1054D036}.using libcurl LIB Debug|Windows Mobile 5.0 Pocket PC SDK (ARMV4I).ActiveCfg = using libcurl LIB Debug|Win32
		{ACF1EFC7-8B30-44FB-ABA0-F64F1054D036}.using libcurl LIB Debug|Windows Mobile 5.0 Smartphone SDK (ARMV4I).ActiveCfg = using libcurl LIB Debug|Win32
		{ACF1EFC7-8B30-44FB-ABA0-F64F1054D036}.using libcurl LIB Release|Mixed Platforms.ActiveCfg = using libcurl LIB Release|Pocket PC 2003 (ARMV4)
		{ACF1EFC7-8B30-44FB-ABA0-F64F1054D036}.using libcurl LIB Release|Mixed Platforms.Build.0 = using libcurl LIB Release|Pocket PC 2003 (ARMV4)
		{ACF1EFC7-8B30-44FB-ABA0-F64F1054D036}.using libcurl LIB Release|Mixed Platforms.Deploy.0 = using libcurl LIB Release|Pocket PC 2003 (ARMV4)
		{ACF1EFC7-8B30-44FB-ABA0-F64F1054D036}.using libcurl LIB Release|Pocket PC 2003 (ARMV4).ActiveCfg = using libcurl LIB Release|Pocket PC 2003 (ARMV4)
		{ACF1EFC7-8B30-44FB-ABA0-F64F1054D036}.using libcurl LIB Release|Pocket PC 2003 (ARMV4).Build.0 = using libcurl LIB Release|Pocket PC 2003 (ARMV4)
		{ACF1EFC7-8B30-44FB-ABA0-F64F1054D036}.using libcurl LIB Release|Pocket PC 2003 (ARMV4).Deploy.0 = using libcurl LIB Release|Pocket PC 2003 (ARMV4)
		{ACF1EFC7-8B30-44FB-ABA0-F64F1054D036}.using libcurl LIB Release|Win32.ActiveCfg = using libcurl LIB Release|Win32
		{ACF1EFC7-8B30-44FB-ABA0-F64F1054D036}.using libcurl LIB Release|Win32.Build.0 = using libcurl LIB Release|Win32
		{ACF1EFC7-8B30-44FB-ABA0-F64F1054D036}.using libcurl LIB Release|Windows Mobile 5.0 Pocket PC SDK (ARMV4I).ActiveCfg = using libcurl LIB Release|Win32
		{ACF1EFC7-8B30-44FB-ABA0-F64F1054D036}.using libcurl LIB Release|Windows Mobile 5.0 Smartphone SDK (ARMV4I).ActiveCfg = using libcurl LIB Release|Win32
	EndGlobalSection
	GlobalSection(SolutionProperties) = preSolution
		HideSolutionNode = FALSE
	EndGlobalSection
EndGlobal
